
Microsoft Visual Studio Solution File, Format Version 12.00
# Visual Studio 15
VisualStudioVersion = 15.0.28307.489
MinimumVisualStudioVersion = 10.0.40219.1
Project("{FAE04EC0-301F-11D3-BF4B-00C04F79EFBC}") = "TechWiz", "TechWiz\TechWiz.csproj", "{4BAE56E7-25FE-430E-8BD2-3AE04D3DD8A2}"
EndProject
Global
	GlobalSection(SolutionConfigurationPlatforms) = preSolution
		Debug|Any CPU = Debug|Any CPU
		Release|Any CPU = Release|Any CPU
	EndGlobalSection
	GlobalSection(ProjectConfigurationPlatforms) = postSolution
		{4BAE56E7-25FE-430E-8BD2-3AE04D3DD8A2}.Debug|Any CPU.ActiveCfg = Debug|Any CPU
		{4BAE56E7-25FE-430E-8BD2-3AE04D3DD8A2}.Debug|Any CPU.Build.0 = Debug|Any CPU
		{4BAE56E7-25FE-430E-8BD2-3AE04D3DD8A2}.Release|Any CPU.ActiveCfg = Release|Any CPU
		{4BAE56E7-25FE-430E-8BD2-3AE04D3DD8A2}.Release|Any CPU.Build.0 = Release|Any CPU
	EndGlobalSection
	GlobalSection(SolutionProperties) = preSolution
		HideSolutionNode = FALSE
	EndGlobalSection
	GlobalSection(ExtensibilityGlobals) = postSolution
		SolutionGuid = {33F10947-8B3F-4BEE-A9AE-4281947E0D48}
	EndGlobalSection
EndGlobal
